
Microsoft Visual Studio Solution File, Format Version 12.00
# Visual Studio Version 16
VisualStudioVersion = 16.0.30717.126
MinimumVisualStudioVersion = 10.0.40219.1
Project("{888888A0-9F3D-457C-B088-3A5042F75D52}") = "RNN_Simple_Searchbar", "RNN_Simple_Searchbar\RNN_Simple_Searchbar.pyproj", "{2B05C99F-C705-4DF8-9760-D667BD5C3915}"
EndProject
Global
	GlobalSection(SolutionConfigurationPlatforms) = preSolution
		Debug|Any CPU = Debug|Any CPU
		Release|Any CPU = Release|Any CPU
	EndGlobalSection
	GlobalSection(ProjectConfigurationPlatforms) = postSolution
		{2B05C99F-C705-4DF8-9760-D667BD5C3915}.Debug|Any CPU.ActiveCfg = Debug|Any CPU
		{2B05C99F-C705-4DF8-9760-D667BD5C3915}.Release|Any CPU.ActiveCfg = Release|Any CPU
	EndGlobalSection
	GlobalSection(SolutionProperties) = preSolution
		HideSolutionNode = FALSE
	EndGlobalSection
	GlobalSection(ExtensibilityGlobals) = postSolution
		SolutionGuid = {553BC3FA-6AA1-4D66-996A-2D271BD614E8}
	EndGlobalSection
EndGlobal
